// !$*UTF8*$!
{
	archiveVersion = 1;
	classes = {
	};
	objectVersion = 46;
	objects = {

/* Begin PBXBuildFile section */
		1F0CE26B224CA85D00D9E3A9 /* README.md in Resources */ = {isa = PBXBuildFile; fileRef = 1F0CE26A224CA85D00D9E3A9 /* README.md */; };
		1F15D46B1F8EE28D00F28794 /* PrefixedUnit.swift in Sources */ = {isa = PBXBuildFile; fileRef = 1FAADF011D010E5400BA583C /* PrefixedUnit.swift */; };
		1F15D46C1F8EE28D00F28794 /* Quantity.swift in Sources */ = {isa = PBXBuildFile; fileRef = 1FAADEFF1D0109C800BA583C /* Quantity.swift */; };
		1F15D46D1F8EE28D00F28794 /* Atmospherics.swift in Sources */ = {isa = PBXBuildFile; fileRef = 1FAADF0B1D0150D500BA583C /* Atmospherics.swift */; };
		1F15D46E1F8EE28D00F28794 /* GeodeticUTMConverter.swift in Sources */ = {isa = PBXBuildFile; fileRef = 1FD372E31D048CBF003F19EF /* GeodeticUTMConverter.swift */; };
		1F15D46F1F8EE28D00F28794 /* UTMHelpers.swift in Sources */ = {isa = PBXBuildFile; fileRef = 1FD372E61D048CF2003F19EF /* UTMHelpers.swift */; };
		1F15D4701F8EE28D00F28794 /* Unit.swift in Sources */ = {isa = PBXBuildFile; fileRef = 1FAADEF81D0105EA00BA583C /* Unit.swift */; };
		1F15D4711F8EE28D00F28794 /* SIPrefix.swift in Sources */ = {isa = PBXBuildFile; fileRef = 1FAADEF31D0103EE00BA583C /* SIPrefix.swift */; };
		1F15D4721F8EE28D00F28794 /* TimeUnit.swift in Sources */ = {isa = PBXBuildFile; fileRef = 1FAADEFD1D0107D800BA583C /* TimeUnit.swift */; };
		1F15D4731F8EE28D00F28794 /* DistanceUnit.swift in Sources */ = {isa = PBXBuildFile; fileRef = 1FAADF031D01132F00BA583C /* DistanceUnit.swift */; };
		1F15D4741F8EE28D00F28794 /* PressureUnit.swift in Sources */ = {isa = PBXBuildFile; fileRef = 1FAADF091D014DBC00BA583C /* PressureUnit.swift */; };
		1F15D4751F8EE28D00F28794 /* MassUnit.swift in Sources */ = {isa = PBXBuildFile; fileRef = 1F0043B71D03586E00B636F9 /* MassUnit.swift */; };
		1F15D4761F8EE28D00F28794 /* AngleUnit.swift in Sources */ = {isa = PBXBuildFile; fileRef = 1F0043B91D035AA400B636F9 /* AngleUnit.swift */; };
		1F15D4771F8EE28D00F28794 /* TemperatureUnit.swift in Sources */ = {isa = PBXBuildFile; fileRef = 1FAADF071D011AB900BA583C /* TemperatureUnit.swift */; };
		1F5C82F01F8F38CD0003F3A5 /* FuelEfficiencyUnit.swift in Sources */ = {isa = PBXBuildFile; fileRef = 1F5C82EF1F8F38CD0003F3A5 /* FuelEfficiencyUnit.swift */; };
		1F5C82F11F8F38CD0003F3A5 /* FuelEfficiencyUnit.swift in Sources */ = {isa = PBXBuildFile; fileRef = 1F5C82EF1F8F38CD0003F3A5 /* FuelEfficiencyUnit.swift */; };
		1F5C82F21F8F38CD0003F3A5 /* FuelEfficiencyUnit.swift in Sources */ = {isa = PBXBuildFile; fileRef = 1F5C82EF1F8F38CD0003F3A5 /* FuelEfficiencyUnit.swift */; };
		1F65DC571F9071F300E5E56F /* AreaUnit.swift in Sources */ = {isa = PBXBuildFile; fileRef = 1F4368FA1D01F005005F789D /* AreaUnit.swift */; };
		1F65DC581F9071F300E5E56F /* VolumeUnit.swift in Sources */ = {isa = PBXBuildFile; fileRef = 1FAADF051D01158D00BA583C /* VolumeUnit.swift */; };
		1F65DC591F9071F300E5E56F /* RateUnit.swift in Sources */ = {isa = PBXBuildFile; fileRef = 1F4368FC1D0205C4005F789D /* RateUnit.swift */; };
		1F65DC5A1F9071F400E5E56F /* AreaUnit.swift in Sources */ = {isa = PBXBuildFile; fileRef = 1F4368FA1D01F005005F789D /* AreaUnit.swift */; };
		1F65DC5B1F9071F400E5E56F /* VolumeUnit.swift in Sources */ = {isa = PBXBuildFile; fileRef = 1FAADF051D01158D00BA583C /* VolumeUnit.swift */; };
		1F65DC5C1F9071F400E5E56F /* RateUnit.swift in Sources */ = {isa = PBXBuildFile; fileRef = 1F4368FC1D0205C4005F789D /* RateUnit.swift */; };
		1FA093371F8F0E8C001BCBB2 /* libJMQuantity.h in Headers */ = {isa = PBXBuildFile; fileRef = 1FA093351F8F0E8C001BCBB2 /* libJMQuantity.h */; settings = {ATTRIBUTES = (Public, ); }; };
		1FA0933B1F8F0E99001BCBB2 /* PrefixedUnit.swift in Sources */ = {isa = PBXBuildFile; fileRef = 1FAADF011D010E5400BA583C /* PrefixedUnit.swift */; };
		1FA0933C1F8F0E99001BCBB2 /* Quantity.swift in Sources */ = {isa = PBXBuildFile; fileRef = 1FAADEFF1D0109C800BA583C /* Quantity.swift */; };
		1FA0933D1F8F0E99001BCBB2 /* Atmospherics.swift in Sources */ = {isa = PBXBuildFile; fileRef = 1FAADF0B1D0150D500BA583C /* Atmospherics.swift */; };
		1FA0933E1F8F0E99001BCBB2 /* GeodeticUTMConverter.swift in Sources */ = {isa = PBXBuildFile; fileRef = 1FD372E31D048CBF003F19EF /* GeodeticUTMConverter.swift */; };
		1FA0933F1F8F0E99001BCBB2 /* UTMHelpers.swift in Sources */ = {isa = PBXBuildFile; fileRef = 1FD372E61D048CF2003F19EF /* UTMHelpers.swift */; };
		1FA093401F8F0E99001BCBB2 /* Unit.swift in Sources */ = {isa = PBXBuildFile; fileRef = 1FAADEF81D0105EA00BA583C /* Unit.swift */; };
		1FA093411F8F0E99001BCBB2 /* SIPrefix.swift in Sources */ = {isa = PBXBuildFile; fileRef = 1FAADEF31D0103EE00BA583C /* SIPrefix.swift */; };
		1FA093421F8F0E99001BCBB2 /* TimeUnit.swift in Sources */ = {isa = PBXBuildFile; fileRef = 1FAADEFD1D0107D800BA583C /* TimeUnit.swift */; };
		1FA093431F8F0E99001BCBB2 /* DistanceUnit.swift in Sources */ = {isa = PBXBuildFile; fileRef = 1FAADF031D01132F00BA583C /* DistanceUnit.swift */; };
		1FA093441F8F0E99001BCBB2 /* PressureUnit.swift in Sources */ = {isa = PBXBuildFile; fileRef = 1FAADF091D014DBC00BA583C /* PressureUnit.swift */; };
		1FA093451F8F0E99001BCBB2 /* MassUnit.swift in Sources */ = {isa = PBXBuildFile; fileRef = 1F0043B71D03586E00B636F9 /* MassUnit.swift */; };
		1FA093461F8F0E99001BCBB2 /* AngleUnit.swift in Sources */ = {isa = PBXBuildFile; fileRef = 1F0043B91D035AA400B636F9 /* AngleUnit.swift */; };
		1FA093471F8F0E99001BCBB2 /* TemperatureUnit.swift in Sources */ = {isa = PBXBuildFile; fileRef = 1FAADF071D011AB900BA583C /* TemperatureUnit.swift */; };
		1FA0941A1F8F1957001BCBB2 /* Quantity+Operators.swift in Sources */ = {isa = PBXBuildFile; fileRef = 1FA094181F8F1955001BCBB2 /* Quantity+Operators.swift */; };
		1FA0941B1F8F1957001BCBB2 /* Quantity+Operators.swift in Sources */ = {isa = PBXBuildFile; fileRef = 1FA094181F8F1955001BCBB2 /* Quantity+Operators.swift */; };
		1FA0941E1F8F1AE3001BCBB2 /* Quantity+Types.swift in Sources */ = {isa = PBXBuildFile; fileRef = 1FA0941C1F8F1AE3001BCBB2 /* Quantity+Types.swift */; };
		1FA0941F1F8F1C18001BCBB2 /* Quantity+Types.swift in Sources */ = {isa = PBXBuildFile; fileRef = 1FA0941C1F8F1AE3001BCBB2 /* Quantity+Types.swift */; };
		1FA094221F8F1CB6001BCBB2 /* VolumeUnit.swift in Sources */ = {isa = PBXBuildFile; fileRef = 1FAADF051D01158D00BA583C /* VolumeUnit.swift */; };
		1FA094231F8F1CB6001BCBB2 /* PrefixedUnit.swift in Sources */ = {isa = PBXBuildFile; fileRef = 1FAADF011D010E5400BA583C /* PrefixedUnit.swift */; };
		1FA094241F8F1CB6001BCBB2 /* Quantity.swift in Sources */ = {isa = PBXBuildFile; fileRef = 1FAADEFF1D0109C800BA583C /* Quantity.swift */; };
		1FA094251F8F1CB6001BCBB2 /* Atmospherics.swift in Sources */ = {isa = PBXBuildFile; fileRef = 1FAADF0B1D0150D500BA583C /* Atmospherics.swift */; };
		1FA094261F8F1CB6001BCBB2 /* UTMHelpers.swift in Sources */ = {isa = PBXBuildFile; fileRef = 1FD372E61D048CF2003F19EF /* UTMHelpers.swift */; };
		1FA094271F8F1CB6001BCBB2 /* Quantity+Operators.swift in Sources */ = {isa = PBXBuildFile; fileRef = 1FA094181F8F1955001BCBB2 /* Quantity+Operators.swift */; };
		1FA094281F8F1CB6001BCBB2 /* Unit.swift in Sources */ = {isa = PBXBuildFile; fileRef = 1FAADEF81D0105EA00BA583C /* Unit.swift */; };
		1FA094291F8F1CB6001BCBB2 /* DistanceUnit.swift in Sources */ = {isa = PBXBuildFile; fileRef = 1FAADF031D01132F00BA583C /* DistanceUnit.swift */; };
		1FA0942A1F8F1CB6001BCBB2 /* SIPrefix.swift in Sources */ = {isa = PBXBuildFile; fileRef = 1FAADEF31D0103EE00BA583C /* SIPrefix.swift */; };
		1FA0942B1F8F1CB6001BCBB2 /* AreaUnit.swift in Sources */ = {isa = PBXBuildFile; fileRef = 1F4368FA1D01F005005F789D /* AreaUnit.swift */; };
		1FA0942C1F8F1CB6001BCBB2 /* main.swift in Sources */ = {isa = PBXBuildFile; fileRef = 1F68E0D91CC4AFAD005F51C6 /* main.swift */; };
		1FA0942D1F8F1CB6001BCBB2 /* AngleUnit.swift in Sources */ = {isa = PBXBuildFile; fileRef = 1F0043B91D035AA400B636F9 /* AngleUnit.swift */; };
		1FA0942E1F8F1CB6001BCBB2 /* TimeUnit.swift in Sources */ = {isa = PBXBuildFile; fileRef = 1FAADEFD1D0107D800BA583C /* TimeUnit.swift */; };
		1FA0942F1F8F1CB6001BCBB2 /* RateUnit.swift in Sources */ = {isa = PBXBuildFile; fileRef = 1F4368FC1D0205C4005F789D /* RateUnit.swift */; };
		1FA094301F8F1CB6001BCBB2 /* Quantity+Types.swift in Sources */ = {isa = PBXBuildFile; fileRef = 1FA0941C1F8F1AE3001BCBB2 /* Quantity+Types.swift */; };
		1FA094311F8F1CB6001BCBB2 /* GeodeticUTMConverter.swift in Sources */ = {isa = PBXBuildFile; fileRef = 1FD372E31D048CBF003F19EF /* GeodeticUTMConverter.swift */; };
		1FA094331F8F1CB6001BCBB2 /* MassUnit.swift in Sources */ = {isa = PBXBuildFile; fileRef = 1F0043B71D03586E00B636F9 /* MassUnit.swift */; };
		1FA094341F8F1CB6001BCBB2 /* PressureUnit.swift in Sources */ = {isa = PBXBuildFile; fileRef = 1FAADF091D014DBC00BA583C /* PressureUnit.swift */; };
		1FA094351F8F1CB6001BCBB2 /* TemperatureUnit.swift in Sources */ = {isa = PBXBuildFile; fileRef = 1FAADF071D011AB900BA583C /* TemperatureUnit.swift */; };
		1FADEB6F1D0E4FF2005AE4C6 /* QuantityTests.swift in Sources */ = {isa = PBXBuildFile; fileRef = 1FADEB6E1D0E4FF2005AE4C6 /* QuantityTests.swift */; };
		1FD1E77F224D4D3E004F364A /* GeodeticUTMConverterTests.swift in Sources */ = {isa = PBXBuildFile; fileRef = 1FD1E77E224D4D3E004F364A /* GeodeticUTMConverterTests.swift */; };
		1FD778D91F91929500F4DAD3 /* PropertyListReadable.swift in Sources */ = {isa = PBXBuildFile; fileRef = 1FD778D81F91929500F4DAD3 /* PropertyListReadable.swift */; };
		1FD778DB1F9192E000F4DAD3 /* DistanceUnit+PropertyListReadble.swift in Sources */ = {isa = PBXBuildFile; fileRef = 1FD778DA1F9192E000F4DAD3 /* DistanceUnit+PropertyListReadble.swift */; };
		1FD778DD1F91A86100F4DAD3 /* PropertyListReadable.swift in Sources */ = {isa = PBXBuildFile; fileRef = 1FD778D81F91929500F4DAD3 /* PropertyListReadable.swift */; };
		1FD778DE1F91A86100F4DAD3 /* DistanceUnit+PropertyListReadble.swift in Sources */ = {isa = PBXBuildFile; fileRef = 1FD778DA1F9192E000F4DAD3 /* DistanceUnit+PropertyListReadble.swift */; };
		1FD778DF1F91A86100F4DAD3 /* PropertyListReadable.swift in Sources */ = {isa = PBXBuildFile; fileRef = 1FD778D81F91929500F4DAD3 /* PropertyListReadable.swift */; };
		1FD778E01F91A86100F4DAD3 /* DistanceUnit+PropertyListReadble.swift in Sources */ = {isa = PBXBuildFile; fileRef = 1FD778DA1F9192E000F4DAD3 /* DistanceUnit+PropertyListReadble.swift */; };
		1FD778E21F91C0AA00F4DAD3 /* Quantity+PropertyListReadable.swift in Sources */ = {isa = PBXBuildFile; fileRef = 1FD778E11F91C0AA00F4DAD3 /* Quantity+PropertyListReadable.swift */; };
		1FD778E31F91C0AA00F4DAD3 /* Quantity+PropertyListReadable.swift in Sources */ = {isa = PBXBuildFile; fileRef = 1FD778E11F91C0AA00F4DAD3 /* Quantity+PropertyListReadable.swift */; };
		1FD778E41F91C0AA00F4DAD3 /* Quantity+PropertyListReadable.swift in Sources */ = {isa = PBXBuildFile; fileRef = 1FD778E11F91C0AA00F4DAD3 /* Quantity+PropertyListReadable.swift */; };
/* End PBXBuildFile section */

/* Begin PBXCopyFilesBuildPhase section */
		1FA094371F8F1CB6001BCBB2 /* CopyFiles */ = {
			isa = PBXCopyFilesBuildPhase;
			buildActionMask = 2147483647;
			dstPath = /usr/share/man/man1/;
			dstSubfolderSpec = 0;
			files = (
			);
			runOnlyForDeploymentPostprocessing = 1;
		};
/* End PBXCopyFilesBuildPhase section */

/* Begin PBXFileReference section */
		1F0043B71D03586E00B636F9 /* MassUnit.swift */ = {isa = PBXFileReference; fileEncoding = 4; lastKnownFileType = sourcecode.swift; path = MassUnit.swift; sourceTree = "<group>"; };
		1F0043B91D035AA400B636F9 /* AngleUnit.swift */ = {isa = PBXFileReference; fileEncoding = 4; lastKnownFileType = sourcecode.swift; path = AngleUnit.swift; sourceTree = "<group>"; };
		1F0CE26A224CA85D00D9E3A9 /* README.md */ = {isa = PBXFileReference; fileEncoding = 4; lastKnownFileType = net.daringfireball.markdown; path = README.md; sourceTree = "<group>"; };
		1F4368FA1D01F005005F789D /* AreaUnit.swift */ = {isa = PBXFileReference; fileEncoding = 4; lastKnownFileType = sourcecode.swift; path = AreaUnit.swift; sourceTree = "<group>"; };
		1F4368FC1D0205C4005F789D /* RateUnit.swift */ = {isa = PBXFileReference; fileEncoding = 4; lastKnownFileType = sourcecode.swift; path = RateUnit.swift; sourceTree = "<group>"; };
		1F5C82EF1F8F38CD0003F3A5 /* FuelEfficiencyUnit.swift */ = {isa = PBXFileReference; lastKnownFileType = sourcecode.swift; path = FuelEfficiencyUnit.swift; sourceTree = "<group>"; };
		1F68E0D91CC4AFAD005F51C6 /* main.swift */ = {isa = PBXFileReference; lastKnownFileType = sourcecode.swift; name = main.swift; path = JMQuantity/main.swift; sourceTree = "<group>"; };
		1FA093331F8F0E8C001BCBB2 /* JMQuantity.framework */ = {isa = PBXFileReference; explicitFileType = wrapper.framework; includeInIndex = 0; path = JMQuantity.framework; sourceTree = BUILT_PRODUCTS_DIR; };
		1FA093351F8F0E8C001BCBB2 /* libJMQuantity.h */ = {isa = PBXFileReference; lastKnownFileType = sourcecode.c.h; path = libJMQuantity.h; sourceTree = "<group>"; };
		1FA093361F8F0E8C001BCBB2 /* Info.plist */ = {isa = PBXFileReference; lastKnownFileType = text.plist.xml; path = Info.plist; sourceTree = "<group>"; };
		1FA094181F8F1955001BCBB2 /* Quantity+Operators.swift */ = {isa = PBXFileReference; lastKnownFileType = sourcecode.swift; path = "Quantity+Operators.swift"; sourceTree = "<group>"; };
		1FA0941C1F8F1AE3001BCBB2 /* Quantity+Types.swift */ = {isa = PBXFileReference; lastKnownFileType = sourcecode.swift; path = "Quantity+Types.swift"; sourceTree = "<group>"; };
		1FA0943B1F8F1CB6001BCBB2 /* JMQuantityApp */ = {isa = PBXFileReference; explicitFileType = "compiled.mach-o.executable"; includeInIndex = 0; path = JMQuantityApp; sourceTree = BUILT_PRODUCTS_DIR; };
		1FAADEF31D0103EE00BA583C /* SIPrefix.swift */ = {isa = PBXFileReference; fileEncoding = 4; lastKnownFileType = sourcecode.swift; path = SIPrefix.swift; sourceTree = "<group>"; };
		1FAADEF81D0105EA00BA583C /* Unit.swift */ = {isa = PBXFileReference; fileEncoding = 4; lastKnownFileType = sourcecode.swift; path = Unit.swift; sourceTree = "<group>"; };
		1FAADEFD1D0107D800BA583C /* TimeUnit.swift */ = {isa = PBXFileReference; fileEncoding = 4; lastKnownFileType = sourcecode.swift; path = TimeUnit.swift; sourceTree = "<group>"; };
		1FAADEFF1D0109C800BA583C /* Quantity.swift */ = {isa = PBXFileReference; fileEncoding = 4; lastKnownFileType = sourcecode.swift; path = Quantity.swift; sourceTree = "<group>"; };
		1FAADF011D010E5400BA583C /* PrefixedUnit.swift */ = {isa = PBXFileReference; fileEncoding = 4; lastKnownFileType = sourcecode.swift; path = PrefixedUnit.swift; sourceTree = "<group>"; };
		1FAADF031D01132F00BA583C /* DistanceUnit.swift */ = {isa = PBXFileReference; fileEncoding = 4; lastKnownFileType = sourcecode.swift; path = DistanceUnit.swift; sourceTree = "<group>"; };
		1FAADF051D01158D00BA583C /* VolumeUnit.swift */ = {isa = PBXFileReference; fileEncoding = 4; lastKnownFileType = sourcecode.swift; path = VolumeUnit.swift; sourceTree = "<group>"; };
		1FAADF071D011AB900BA583C /* TemperatureUnit.swift */ = {isa = PBXFileReference; fileEncoding = 4; lastKnownFileType = sourcecode.swift; path = TemperatureUnit.swift; sourceTree = "<group>"; };
		1FAADF091D014DBC00BA583C /* PressureUnit.swift */ = {isa = PBXFileReference; fileEncoding = 4; lastKnownFileType = sourcecode.swift; path = PressureUnit.swift; sourceTree = "<group>"; };
		1FAADF0B1D0150D500BA583C /* Atmospherics.swift */ = {isa = PBXFileReference; fileEncoding = 4; lastKnownFileType = sourcecode.swift; path = Atmospherics.swift; sourceTree = "<group>"; };
		1FADEB6C1D0E4FF2005AE4C6 /* QuantityTests.xctest */ = {isa = PBXFileReference; explicitFileType = wrapper.cfbundle; includeInIndex = 0; path = QuantityTests.xctest; sourceTree = BUILT_PRODUCTS_DIR; };
		1FADEB6E1D0E4FF2005AE4C6 /* QuantityTests.swift */ = {isa = PBXFileReference; lastKnownFileType = sourcecode.swift; path = QuantityTests.swift; sourceTree = "<group>"; };
		1FADEB701D0E4FF2005AE4C6 /* Info.plist */ = {isa = PBXFileReference; lastKnownFileType = text.plist.xml; path = Info.plist; sourceTree = "<group>"; };
		1FD1E77E224D4D3E004F364A /* GeodeticUTMConverterTests.swift */ = {isa = PBXFileReference; lastKnownFileType = sourcecode.swift; path = GeodeticUTMConverterTests.swift; sourceTree = "<group>"; };
		1FD372E31D048CBF003F19EF /* GeodeticUTMConverter.swift */ = {isa = PBXFileReference; fileEncoding = 4; lastKnownFileType = sourcecode.swift; path = GeodeticUTMConverter.swift; sourceTree = "<group>"; };
		1FD372E61D048CF2003F19EF /* UTMHelpers.swift */ = {isa = PBXFileReference; fileEncoding = 4; lastKnownFileType = sourcecode.swift; path = UTMHelpers.swift; sourceTree = "<group>"; };
		1FD778D81F91929500F4DAD3 /* PropertyListReadable.swift */ = {isa = PBXFileReference; lastKnownFileType = sourcecode.swift; path = PropertyListReadable.swift; sourceTree = "<group>"; };
		1FD778DA1F9192E000F4DAD3 /* DistanceUnit+PropertyListReadble.swift */ = {isa = PBXFileReference; lastKnownFileType = sourcecode.swift; path = "DistanceUnit+PropertyListReadble.swift"; sourceTree = "<group>"; };
		1FD778E11F91C0AA00F4DAD3 /* Quantity+PropertyListReadable.swift */ = {isa = PBXFileReference; lastKnownFileType = sourcecode.swift; path = "Quantity+PropertyListReadable.swift"; sourceTree = "<group>"; };
/* End PBXFileReference section */

/* Begin PBXFrameworksBuildPhase section */
		1FA0932F1F8F0E8C001BCBB2 /* Frameworks */ = {
			isa = PBXFrameworksBuildPhase;
			buildActionMask = 2147483647;
			files = (
			);
			runOnlyForDeploymentPostprocessing = 0;
		};
		1FA094361F8F1CB6001BCBB2 /* Frameworks */ = {
			isa = PBXFrameworksBuildPhase;
			buildActionMask = 2147483647;
			files = (
			);
			runOnlyForDeploymentPostprocessing = 0;
		};
		1FADEB691D0E4FF2005AE4C6 /* Frameworks */ = {
			isa = PBXFrameworksBuildPhase;
			buildActionMask = 2147483647;
			files = (
			);
			runOnlyForDeploymentPostprocessing = 0;
		};
/* End PBXFrameworksBuildPhase section */

/* Begin PBXGroup section */
		1F0043B61D0357F300B636F9 /* Compound Units */ = {
			isa = PBXGroup;
			children = (
				1F4368FA1D01F005005F789D /* AreaUnit.swift */,
				1FAADF051D01158D00BA583C /* VolumeUnit.swift */,
				1F4368FC1D0205C4005F789D /* RateUnit.swift */,
				1F5C82EF1F8F38CD0003F3A5 /* FuelEfficiencyUnit.swift */,
			);
			name = "Compound Units";
			sourceTree = "<group>";
		};
		1F68E0CD1CC4AFAD005F51C6 = {
			isa = PBXGroup;
			children = (
				1F0CE26A224CA85D00D9E3A9 /* README.md */,
				1F68E0D81CC4AFAD005F51C6 /* JMQuantity */,
				1F68E0D91CC4AFAD005F51C6 /* main.swift */,
				1FADEB6D1D0E4FF2005AE4C6 /* QuantityTests */,
				1FA093341F8F0E8C001BCBB2 /* libJMQuantity */,
				1F68E0D71CC4AFAD005F51C6 /* Products */,
			);
			sourceTree = "<group>";
		};
		1F68E0D71CC4AFAD005F51C6 /* Products */ = {
			isa = PBXGroup;
			children = (
				1FADEB6C1D0E4FF2005AE4C6 /* QuantityTests.xctest */,
				1FA093331F8F0E8C001BCBB2 /* JMQuantity.framework */,
				1FA0943B1F8F1CB6001BCBB2 /* JMQuantityApp */,
			);
			name = Products;
			sourceTree = "<group>";
		};
		1F68E0D81CC4AFAD005F51C6 /* JMQuantity */ = {
			isa = PBXGroup;
			children = (
				1FD778D71F91926E00F4DAD3 /* Storage */,
				1FAADF011D010E5400BA583C /* PrefixedUnit.swift */,
				1FAADEFF1D0109C800BA583C /* Quantity.swift */,
				1FA0941C1F8F1AE3001BCBB2 /* Quantity+Types.swift */,
				1FA094181F8F1955001BCBB2 /* Quantity+Operators.swift */,
				1FAADF0B1D0150D500BA583C /* Atmospherics.swift */,
				1FD372E51D048CCC003F19EF /* UTM */,
				1FAADEF71D0104F500BA583C /* Protocols */,
				1FAADEFC1D01074C00BA583C /* Units */,
				1F0043B61D0357F300B636F9 /* Compound Units */,
			);
			path = JMQuantity;
			sourceTree = "<group>";
		};
		1FA093341F8F0E8C001BCBB2 /* libJMQuantity */ = {
			isa = PBXGroup;
			children = (
				1FA093351F8F0E8C001BCBB2 /* libJMQuantity.h */,
				1FA093361F8F0E8C001BCBB2 /* Info.plist */,
			);
			path = libJMQuantity;
			sourceTree = "<group>";
		};
		1FAADEF71D0104F500BA583C /* Protocols */ = {
			isa = PBXGroup;
			children = (
				1FAADEF81D0105EA00BA583C /* Unit.swift */,
			);
			name = Protocols;
			sourceTree = "<group>";
		};
		1FAADEFC1D01074C00BA583C /* Units */ = {
			isa = PBXGroup;
			children = (
				1FAADEF31D0103EE00BA583C /* SIPrefix.swift */,
				1FAADEFD1D0107D800BA583C /* TimeUnit.swift */,
				1FAADF031D01132F00BA583C /* DistanceUnit.swift */,
				1FAADF091D014DBC00BA583C /* PressureUnit.swift */,
				1F0043B71D03586E00B636F9 /* MassUnit.swift */,
				1F0043B91D035AA400B636F9 /* AngleUnit.swift */,
				1FAADF071D011AB900BA583C /* TemperatureUnit.swift */,
			);
			name = Units;
			sourceTree = "<group>";
		};
		1FADEB6D1D0E4FF2005AE4C6 /* QuantityTests */ = {
			isa = PBXGroup;
			children = (
				1FADEB6E1D0E4FF2005AE4C6 /* QuantityTests.swift */,
				1FD1E77E224D4D3E004F364A /* GeodeticUTMConverterTests.swift */,
				1FADEB701D0E4FF2005AE4C6 /* Info.plist */,
			);
			path = QuantityTests;
			sourceTree = "<group>";
		};
		1FD372E51D048CCC003F19EF /* UTM */ = {
			isa = PBXGroup;
			children = (
				1FD372E31D048CBF003F19EF /* GeodeticUTMConverter.swift */,
				1FD372E61D048CF2003F19EF /* UTMHelpers.swift */,
			);
			name = UTM;
			sourceTree = "<group>";
		};
		1FD778D71F91926E00F4DAD3 /* Storage */ = {
			isa = PBXGroup;
			children = (
				1FD778D81F91929500F4DAD3 /* PropertyListReadable.swift */,
				1FD778DA1F9192E000F4DAD3 /* DistanceUnit+PropertyListReadble.swift */,
				1FD778E11F91C0AA00F4DAD3 /* Quantity+PropertyListReadable.swift */,
			);
			path = Storage;
			sourceTree = "<group>";
		};
/* End PBXGroup section */

/* Begin PBXHeadersBuildPhase section */
		1FA093301F8F0E8C001BCBB2 /* Headers */ = {
			isa = PBXHeadersBuildPhase;
			buildActionMask = 2147483647;
			files = (
				1FA093371F8F0E8C001BCBB2 /* libJMQuantity.h in Headers */,
			);
			runOnlyForDeploymentPostprocessing = 0;
		};
/* End PBXHeadersBuildPhase section */

/* Begin PBXNativeTarget section */
		1FA093321F8F0E8C001BCBB2 /* JMQuantity */ = {
			isa = PBXNativeTarget;
			buildConfigurationList = 1FA0933A1F8F0E8C001BCBB2 /* Build configuration list for PBXNativeTarget "JMQuantity" */;
			buildPhases = (
				1FA0932E1F8F0E8C001BCBB2 /* Sources */,
				1FA0932F1F8F0E8C001BCBB2 /* Frameworks */,
				1FA093301F8F0E8C001BCBB2 /* Headers */,
				1FA093311F8F0E8C001BCBB2 /* Resources */,
			);
			buildRules = (
			);
			dependencies = (
			);
			name = JMQuantity;
			productName = libJMQuantity;
			productReference = 1FA093331F8F0E8C001BCBB2 /* JMQuantity.framework */;
			productType = "com.apple.product-type.framework";
		};
		1FA094201F8F1CB6001BCBB2 /* JMQuantityApp */ = {
			isa = PBXNativeTarget;
			buildConfigurationList = 1FA094381F8F1CB6001BCBB2 /* Build configuration list for PBXNativeTarget "JMQuantityApp" */;
			buildPhases = (
				1FA094211F8F1CB6001BCBB2 /* Sources */,
				1FA094361F8F1CB6001BCBB2 /* Frameworks */,
				1FA094371F8F1CB6001BCBB2 /* CopyFiles */,
			);
			buildRules = (
			);
			dependencies = (
			);
			name = JMQuantityApp;
			productName = JMQuantity;
			productReference = 1FA0943B1F8F1CB6001BCBB2 /* JMQuantityApp */;
			productType = "com.apple.product-type.tool";
		};
		1FADEB6B1D0E4FF2005AE4C6 /* QuantityTests */ = {
			isa = PBXNativeTarget;
			buildConfigurationList = 1FADEB731D0E4FF2005AE4C6 /* Build configuration list for PBXNativeTarget "QuantityTests" */;
			buildPhases = (
				1FADEB681D0E4FF2005AE4C6 /* Sources */,
				1FADEB691D0E4FF2005AE4C6 /* Frameworks */,
				1FADEB6A1D0E4FF2005AE4C6 /* Resources */,
			);
			buildRules = (
			);
			dependencies = (
			);
			name = QuantityTests;
			productName = QuantityTests;
			productReference = 1FADEB6C1D0E4FF2005AE4C6 /* QuantityTests.xctest */;
			productType = "com.apple.product-type.bundle.unit-test";
		};
/* End PBXNativeTarget section */

/* Begin PBXProject section */
		1F68E0CE1CC4AFAD005F51C6 /* Project object */ = {
			isa = PBXProject;
			attributes = {
				LastSwiftUpdateCheck = 0730;
				LastUpgradeCheck = 1020;
				ORGANIZATIONNAME = "Jeff McClay";
				TargetAttributes = {
					1FA093321F8F0E8C001BCBB2 = {
						CreatedOnToolsVersion = 9.0;
						ProvisioningStyle = Automatic;
					};
					1FA094201F8F1CB6001BCBB2 = {
						LastSwiftMigration = 1020;
					};
					1FADEB6B1D0E4FF2005AE4C6 = {
						CreatedOnToolsVersion = 7.3;
					};
				};
			};
			buildConfigurationList = 1F68E0D11CC4AFAD005F51C6 /* Build configuration list for PBXProject "JMQuantity" */;
			compatibilityVersion = "Xcode 3.2";
			developmentRegion = en;
			hasScannedForEncodings = 0;
			knownRegions = (
				en,
				Base,
			);
			mainGroup = 1F68E0CD1CC4AFAD005F51C6;
			productRefGroup = 1F68E0D71CC4AFAD005F51C6 /* Products */;
			projectDirPath = "";
			projectRoot = "";
			targets = (
				1FA093321F8F0E8C001BCBB2 /* JMQuantity */,
				1FADEB6B1D0E4FF2005AE4C6 /* QuantityTests */,
				1FA094201F8F1CB6001BCBB2 /* JMQuantityApp */,
			);
		};
/* End PBXProject section */

/* Begin PBXResourcesBuildPhase section */
		1FA093311F8F0E8C001BCBB2 /* Resources */ = {
			isa = PBXResourcesBuildPhase;
			buildActionMask = 2147483647;
			files = (
				1F0CE26B224CA85D00D9E3A9 /* README.md in Resources */,
			);
			runOnlyForDeploymentPostprocessing = 0;
		};
		1FADEB6A1D0E4FF2005AE4C6 /* Resources */ = {
			isa = PBXResourcesBuildPhase;
			buildActionMask = 2147483647;
			files = (
			);
			runOnlyForDeploymentPostprocessing = 0;
		};
/* End PBXResourcesBuildPhase section */

/* Begin PBXSourcesBuildPhase section */
		1FA0932E1F8F0E8C001BCBB2 /* Sources */ = {
			isa = PBXSourcesBuildPhase;
			buildActionMask = 2147483647;
			files = (
				1F65DC5C1F9071F400E5E56F /* RateUnit.swift in Sources */,
				1F65DC5A1F9071F400E5E56F /* AreaUnit.swift in Sources */,
				1FA093441F8F0E99001BCBB2 /* PressureUnit.swift in Sources */,
				1FA093461F8F0E99001BCBB2 /* AngleUnit.swift in Sources */,
				1F5C82F01F8F38CD0003F3A5 /* FuelEfficiencyUnit.swift in Sources */,
				1FA093421F8F0E99001BCBB2 /* TimeUnit.swift in Sources */,
				1FD778D91F91929500F4DAD3 /* PropertyListReadable.swift in Sources */,
				1F65DC5B1F9071F400E5E56F /* VolumeUnit.swift in Sources */,
				1FD778DB1F9192E000F4DAD3 /* DistanceUnit+PropertyListReadble.swift in Sources */,
				1FA093471F8F0E99001BCBB2 /* TemperatureUnit.swift in Sources */,
				1FA0933D1F8F0E99001BCBB2 /* Atmospherics.swift in Sources */,
				1FA093431F8F0E99001BCBB2 /* DistanceUnit.swift in Sources */,
				1FA093451F8F0E99001BCBB2 /* MassUnit.swift in Sources */,
				1FD778E21F91C0AA00F4DAD3 /* Quantity+PropertyListReadable.swift in Sources */,
				1FA0933C1F8F0E99001BCBB2 /* Quantity.swift in Sources */,
				1FA0933B1F8F0E99001BCBB2 /* PrefixedUnit.swift in Sources */,
				1FA093401F8F0E99001BCBB2 /* Unit.swift in Sources */,
				1FA0933F1F8F0E99001BCBB2 /* UTMHelpers.swift in Sources */,
				1FA0933E1F8F0E99001BCBB2 /* GeodeticUTMConverter.swift in Sources */,
				1FA0941B1F8F1957001BCBB2 /* Quantity+Operators.swift in Sources */,
				1FA093411F8F0E99001BCBB2 /* SIPrefix.swift in Sources */,
				1FA0941E1F8F1AE3001BCBB2 /* Quantity+Types.swift in Sources */,
			);
			runOnlyForDeploymentPostprocessing = 0;
		};
		1FA094211F8F1CB6001BCBB2 /* Sources */ = {
			isa = PBXSourcesBuildPhase;
			buildActionMask = 2147483647;
			files = (
				1FA094221F8F1CB6001BCBB2 /* VolumeUnit.swift in Sources */,
				1FA094231F8F1CB6001BCBB2 /* PrefixedUnit.swift in Sources */,
				1FA094241F8F1CB6001BCBB2 /* Quantity.swift in Sources */,
				1FA094251F8F1CB6001BCBB2 /* Atmospherics.swift in Sources */,
				1FA094261F8F1CB6001BCBB2 /* UTMHelpers.swift in Sources */,
				1FA094271F8F1CB6001BCBB2 /* Quantity+Operators.swift in Sources */,
				1FA094281F8F1CB6001BCBB2 /* Unit.swift in Sources */,
				1FD778DF1F91A86100F4DAD3 /* PropertyListReadable.swift in Sources */,
				1FA094291F8F1CB6001BCBB2 /* DistanceUnit.swift in Sources */,
				1FA0942A1F8F1CB6001BCBB2 /* SIPrefix.swift in Sources */,
				1FA0942B1F8F1CB6001BCBB2 /* AreaUnit.swift in Sources */,
				1FD778E01F91A86100F4DAD3 /* DistanceUnit+PropertyListReadble.swift in Sources */,
				1FD778E41F91C0AA00F4DAD3 /* Quantity+PropertyListReadable.swift in Sources */,
				1F5C82F21F8F38CD0003F3A5 /* FuelEfficiencyUnit.swift in Sources */,
				1FA0942C1F8F1CB6001BCBB2 /* main.swift in Sources */,
				1FA0942D1F8F1CB6001BCBB2 /* AngleUnit.swift in Sources */,
				1FA0942E1F8F1CB6001BCBB2 /* TimeUnit.swift in Sources */,
				1FA0942F1F8F1CB6001BCBB2 /* RateUnit.swift in Sources */,
				1FA094301F8F1CB6001BCBB2 /* Quantity+Types.swift in Sources */,
				1FA094311F8F1CB6001BCBB2 /* GeodeticUTMConverter.swift in Sources */,
				1FA094331F8F1CB6001BCBB2 /* MassUnit.swift in Sources */,
				1FA094341F8F1CB6001BCBB2 /* PressureUnit.swift in Sources */,
				1FA094351F8F1CB6001BCBB2 /* TemperatureUnit.swift in Sources */,
			);
			runOnlyForDeploymentPostprocessing = 0;
		};
		1FADEB681D0E4FF2005AE4C6 /* Sources */ = {
			isa = PBXSourcesBuildPhase;
			buildActionMask = 2147483647;
			files = (
				1F15D46C1F8EE28D00F28794 /* Quantity.swift in Sources */,
				1F65DC591F9071F300E5E56F /* RateUnit.swift in Sources */,
				1F15D46B1F8EE28D00F28794 /* PrefixedUnit.swift in Sources */,
				1F15D46F1F8EE28D00F28794 /* UTMHelpers.swift in Sources */,
				1FA0941A1F8F1957001BCBB2 /* Quantity+Operators.swift in Sources */,
				1F65DC571F9071F300E5E56F /* AreaUnit.swift in Sources */,
				1F15D4741F8EE28D00F28794 /* PressureUnit.swift in Sources */,
				1FD778DD1F91A86100F4DAD3 /* PropertyListReadable.swift in Sources */,
				1F65DC581F9071F300E5E56F /* VolumeUnit.swift in Sources */,
				1F15D4761F8EE28D00F28794 /* AngleUnit.swift in Sources */,
				1F15D4711F8EE28D00F28794 /* SIPrefix.swift in Sources */,
				1FD778DE1F91A86100F4DAD3 /* DistanceUnit+PropertyListReadble.swift in Sources */,
				1FD778E31F91C0AA00F4DAD3 /* Quantity+PropertyListReadable.swift in Sources */,
				1F15D4771F8EE28D00F28794 /* TemperatureUnit.swift in Sources */,
				1F15D4731F8EE28D00F28794 /* DistanceUnit.swift in Sources */,
				1FD1E77F224D4D3E004F364A /* GeodeticUTMConverterTests.swift in Sources */,
				1F15D4701F8EE28D00F28794 /* Unit.swift in Sources */,
				1F15D46E1F8EE28D00F28794 /* GeodeticUTMConverter.swift in Sources */,
				1F15D4721F8EE28D00F28794 /* TimeUnit.swift in Sources */,
				1F15D4751F8EE28D00F28794 /* MassUnit.swift in Sources */,
				1FADEB6F1D0E4FF2005AE4C6 /* QuantityTests.swift in Sources */,
				1FA0941F1F8F1C18001BCBB2 /* Quantity+Types.swift in Sources */,
				1F5C82F11F8F38CD0003F3A5 /* FuelEfficiencyUnit.swift in Sources */,
				1F15D46D1F8EE28D00F28794 /* Atmospherics.swift in Sources */,
			);
			runOnlyForDeploymentPostprocessing = 0;
		};
/* End PBXSourcesBuildPhase section */

/* Begin XCBuildConfiguration section */
		1F68E0DB1CC4AFAD005F51C6 /* Debug */ = {
			isa = XCBuildConfiguration;
			buildSettings = {
				ALWAYS_SEARCH_USER_PATHS = NO;
				CLANG_ANALYZER_LOCALIZABILITY_NONLOCALIZED = YES;
				CLANG_CXX_LANGUAGE_STANDARD = "gnu++0x";
				CLANG_CXX_LIBRARY = "libc++";
				CLANG_ENABLE_MODULES = YES;
				CLANG_ENABLE_OBJC_ARC = YES;
				CLANG_WARN_BLOCK_CAPTURE_AUTORELEASING = YES;
				CLANG_WARN_BOOL_CONVERSION = YES;
				CLANG_WARN_COMMA = YES;
				CLANG_WARN_CONSTANT_CONVERSION = YES;
				CLANG_WARN_DEPRECATED_OBJC_IMPLEMENTATIONS = YES;
				CLANG_WARN_DIRECT_OBJC_ISA_USAGE = YES_ERROR;
				CLANG_WARN_EMPTY_BODY = YES;
				CLANG_WARN_ENUM_CONVERSION = YES;
				CLANG_WARN_INFINITE_RECURSION = YES;
				CLANG_WARN_INT_CONVERSION = YES;
				CLANG_WARN_NON_LITERAL_NULL_CONVERSION = YES;
				CLANG_WARN_OBJC_IMPLICIT_RETAIN_SELF = YES;
				CLANG_WARN_OBJC_LITERAL_CONVERSION = YES;
				CLANG_WARN_OBJC_ROOT_CLASS = YES_ERROR;
				CLANG_WARN_RANGE_LOOP_ANALYSIS = YES;
				CLANG_WARN_STRICT_PROTOTYPES = YES;
				CLANG_WARN_SUSPICIOUS_MOVE = YES;
				CLANG_WARN_UNREACHABLE_CODE = YES;
				CLANG_WARN__DUPLICATE_METHOD_MATCH = YES;
				CODE_SIGN_IDENTITY = "-";
				COPY_PHASE_STRIP = NO;
				DEBUG_INFORMATION_FORMAT = dwarf;
				ENABLE_STRICT_OBJC_MSGSEND = YES;
				ENABLE_TESTABILITY = YES;
				GCC_C_LANGUAGE_STANDARD = gnu99;
				GCC_DYNAMIC_NO_PIC = NO;
				GCC_NO_COMMON_BLOCKS = YES;
				GCC_OPTIMIZATION_LEVEL = 0;
				GCC_PREPROCESSOR_DEFINITIONS = (
					"DEBUG=1",
					"$(inherited)",
				);
				GCC_WARN_64_TO_32_BIT_CONVERSION = YES;
				GCC_WARN_ABOUT_RETURN_TYPE = YES_ERROR;
				GCC_WARN_UNDECLARED_SELECTOR = YES;
				GCC_WARN_UNINITIALIZED_AUTOS = YES_AGGRESSIVE;
				GCC_WARN_UNUSED_FUNCTION = YES;
				GCC_WARN_UNUSED_VARIABLE = YES;
				MACOSX_DEPLOYMENT_TARGET = 10.10;
				MTL_ENABLE_DEBUG_INFO = YES;
				ONLY_ACTIVE_ARCH = YES;
				SDKROOT = macosx;
				SWIFT_OPTIMIZATION_LEVEL = "-Onone";
				SWIFT_VERSION = 4.0;
			};
			name = Debug;
		};
		1F68E0DC1CC4AFAD005F51C6 /* Release */ = {
			isa = XCBuildConfiguration;
			buildSettings = {
				ALWAYS_SEARCH_USER_PATHS = NO;
				CLANG_ANALYZER_LOCALIZABILITY_NONLOCALIZED = YES;
				CLANG_CXX_LANGUAGE_STANDARD = "gnu++0x";
				CLANG_CXX_LIBRARY = "libc++";
				CLANG_ENABLE_MODULES = YES;
				CLANG_ENABLE_OBJC_ARC = YES;
				CLANG_WARN_BLOCK_CAPTURE_AUTORELEASING = YES;
				CLANG_WARN_BOOL_CONVERSION = YES;
				CLANG_WARN_COMMA = YES;
				CLANG_WARN_CONSTANT_CONVERSION = YES;
				CLANG_WARN_DEPRECATED_OBJC_IMPLEMENTATIONS = YES;
				CLANG_WARN_DIRECT_OBJC_ISA_USAGE = YES_ERROR;
				CLANG_WARN_EMPTY_BODY = YES;
				CLANG_WARN_ENUM_CONVERSION = YES;
				CLANG_WARN_INFINITE_RECURSION = YES;
				CLANG_WARN_INT_CONVERSION = YES;
				CLANG_WARN_NON_LITERAL_NULL_CONVERSION = YES;
				CLANG_WARN_OBJC_IMPLICIT_RETAIN_SELF = YES;
				CLANG_WARN_OBJC_LITERAL_CONVERSION = YES;
				CLANG_WARN_OBJC_ROOT_CLASS = YES_ERROR;
				CLANG_WARN_RANGE_LOOP_ANALYSIS = YES;
				CLANG_WARN_STRICT_PROTOTYPES = YES;
				CLANG_WARN_SUSPICIOUS_MOVE = YES;
				CLANG_WARN_UNREACHABLE_CODE = YES;
				CLANG_WARN__DUPLICATE_METHOD_MATCH = YES;
				CODE_SIGN_IDENTITY = "-";
				COPY_PHASE_STRIP = NO;
				DEBUG_INFORMATION_FORMAT = "dwarf-with-dsym";
				ENABLE_NS_ASSERTIONS = NO;
				ENABLE_STRICT_OBJC_MSGSEND = YES;
				GCC_C_LANGUAGE_STANDARD = gnu99;
				GCC_NO_COMMON_BLOCKS = YES;
				GCC_WARN_64_TO_32_BIT_CONVERSION = YES;
				GCC_WARN_ABOUT_RETURN_TYPE = YES_ERROR;
				GCC_WARN_UNDECLARED_SELECTOR = YES;
				GCC_WARN_UNINITIALIZED_AUTOS = YES_AGGRESSIVE;
				GCC_WARN_UNUSED_FUNCTION = YES;
				GCC_WARN_UNUSED_VARIABLE = YES;
				MACOSX_DEPLOYMENT_TARGET = 10.10;
				MTL_ENABLE_DEBUG_INFO = NO;
				SDKROOT = macosx;
				SWIFT_OPTIMIZATION_LEVEL = "-Owholemodule";
				SWIFT_VERSION = 4.0;
			};
			name = Release;
		};
		1FA093381F8F0E8C001BCBB2 /* Debug */ = {
			isa = XCBuildConfiguration;
			buildSettings = {
				CLANG_ANALYZER_NONNULL = YES;
				CLANG_ANALYZER_NUMBER_OBJECT_CONVERSION = YES_AGGRESSIVE;
				CLANG_CXX_LANGUAGE_STANDARD = "gnu++14";
				CLANG_WARN_DOCUMENTATION_COMMENTS = YES;
				CLANG_WARN_UNGUARDED_AVAILABILITY = YES_AGGRESSIVE;
				CODE_SIGN_IDENTITY = "iPhone Developer";
				"CODE_SIGN_IDENTITY[sdk=iphoneos*]" = "";
				CODE_SIGN_STYLE = Automatic;
				CURRENT_PROJECT_VERSION = 1;
				DEFINES_MODULE = YES;
				DYLIB_COMPATIBILITY_VERSION = 1;
				DYLIB_CURRENT_VERSION = 1;
				DYLIB_INSTALL_NAME_BASE = "@rpath";
				ENABLE_BITCODE = YES;
				GCC_C_LANGUAGE_STANDARD = gnu11;
				INFOPLIST_FILE = libJMQuantity/Info.plist;
				INSTALL_PATH = "$(LOCAL_LIBRARY_DIR)/Frameworks";
				IPHONEOS_DEPLOYMENT_TARGET = 8.0;
				LD_RUNPATH_SEARCH_PATHS = "$(inherited) @executable_path/Frameworks @loader_path/Frameworks";
				PRODUCT_BUNDLE_IDENTIFIER = com.jeffmcclay.libJMQuantity;
				PRODUCT_NAME = "$(TARGET_NAME:c99extidentifier)";
				SDKROOT = iphoneos;
				SKIP_INSTALL = NO;
				SWIFT_ACTIVE_COMPILATION_CONDITIONS = DEBUG;
				SWIFT_VERSION = 4.0;
				TARGETED_DEVICE_FAMILY = "1,2";
				VERSIONING_SYSTEM = "apple-generic";
				VERSION_INFO_PREFIX = "";
			};
			name = Debug;
		};
		1FA093391F8F0E8C001BCBB2 /* Release */ = {
			isa = XCBuildConfiguration;
			buildSettings = {
				CLANG_ANALYZER_NONNULL = YES;
				CLANG_ANALYZER_NUMBER_OBJECT_CONVERSION = YES_AGGRESSIVE;
				CLANG_CXX_LANGUAGE_STANDARD = "gnu++14";
				CLANG_WARN_DOCUMENTATION_COMMENTS = YES;
				CLANG_WARN_UNGUARDED_AVAILABILITY = YES_AGGRESSIVE;
				CODE_SIGN_IDENTITY = "iPhone Developer";
				"CODE_SIGN_IDENTITY[sdk=iphoneos*]" = "";
				CODE_SIGN_STYLE = Automatic;
				CURRENT_PROJECT_VERSION = 1;
				DEFINES_MODULE = YES;
				DYLIB_COMPATIBILITY_VERSION = 1;
				DYLIB_CURRENT_VERSION = 1;
				DYLIB_INSTALL_NAME_BASE = "@rpath";
				ENABLE_BITCODE = YES;
				GCC_C_LANGUAGE_STANDARD = gnu11;
				INFOPLIST_FILE = libJMQuantity/Info.plist;
				INSTALL_PATH = "$(LOCAL_LIBRARY_DIR)/Frameworks";
				IPHONEOS_DEPLOYMENT_TARGET = 8.0;
				LD_RUNPATH_SEARCH_PATHS = "$(inherited) @executable_path/Frameworks @loader_path/Frameworks";
				PRODUCT_BUNDLE_IDENTIFIER = com.jeffmcclay.libJMQuantity;
				PRODUCT_NAME = "$(TARGET_NAME:c99extidentifier)";
				SDKROOT = iphoneos;
				SKIP_INSTALL = NO;
				SWIFT_VERSION = 4.0;
				TARGETED_DEVICE_FAMILY = "1,2";
				VALIDATE_PRODUCT = YES;
				VERSIONING_SYSTEM = "apple-generic";
				VERSION_INFO_PREFIX = "";
			};
			name = Release;
		};
		1FA094391F8F1CB6001BCBB2 /* Debug */ = {
			isa = XCBuildConfiguration;
			buildSettings = {
				PRODUCT_NAME = "$(TARGET_NAME)";
				SWIFT_VERSION = 5.0;
			};
			name = Debug;
		};
		1FA0943A1F8F1CB6001BCBB2 /* Release */ = {
			isa = XCBuildConfiguration;
			buildSettings = {
				PRODUCT_NAME = "$(TARGET_NAME)";
				SWIFT_VERSION = 5.0;
			};
			name = Release;
		};
		1FADEB711D0E4FF2005AE4C6 /* Debug */ = {
			isa = XCBuildConfiguration;
			buildSettings = {
				CLANG_ANALYZER_NONNULL = YES;
				COMBINE_HIDPI_IMAGES = YES;
				INFOPLIST_FILE = QuantityTests/Info.plist;
				LD_RUNPATH_SEARCH_PATHS = "$(inherited) @executable_path/../Frameworks @loader_path/../Frameworks";
				MACOSX_DEPLOYMENT_TARGET = 10.11;
				PRODUCT_BUNDLE_IDENTIFIER = com.jeffmcclay.QuantityTests;
				PRODUCT_NAME = "$(TARGET_NAME)";
				SWIFT_VERSION = 4.0;
			};
			name = Debug;
		};
		1FADEB721D0E4FF2005AE4C6 /* Release */ = {
			isa = XCBuildConfiguration;
			buildSettings = {
				CLANG_ANALYZER_NONNULL = YES;
				COMBINE_HIDPI_IMAGES = YES;
				INFOPLIST_FILE = QuantityTests/Info.plist;
				LD_RUNPATH_SEARCH_PATHS = "$(inherited) @executable_path/../Frameworks @loader_path/../Frameworks";
				MACOSX_DEPLOYMENT_TARGET = 10.11;
				PRODUCT_BUNDLE_IDENTIFIER = com.jeffmcclay.QuantityTests;
				PRODUCT_NAME = "$(TARGET_NAME)";
				SWIFT_VERSION = 4.0;
			};
			name = Release;
		};
/* End XCBuildConfiguration section */

/* Begin XCConfigurationList section */
		1F68E0D11CC4AFAD005F51C6 /* Build configuration list for PBXProject "JMQuantity" */ = {
			isa = XCConfigurationList;
			buildConfigurations = (
				1F68E0DB1CC4AFAD005F51C6 /* Debug */,
				1F68E0DC1CC4AFAD005F51C6 /* Release */,
			);
			defaultConfigurationIsVisible = 0;
			defaultConfigurationName = Release;
		};
		1FA0933A1F8F0E8C001BCBB2 /* Build configuration list for PBXNativeTarget "JMQuantity" */ = {
			isa = XCConfigurationList;
			buildConfigurations = (
				1FA093381F8F0E8C001BCBB2 /* Debug */,
				1FA093391F8F0E8C001BCBB2 /* Release */,
			);
			defaultConfigurationIsVisible = 0;
			defaultConfigurationName = Release;
		};
		1FA094381F8F1CB6001BCBB2 /* Build configuration list for PBXNativeTarget "JMQuantityApp" */ = {
			isa = XCConfigurationList;
			buildConfigurations = (
				1FA094391F8F1CB6001BCBB2 /* Debug */,
				1FA0943A1F8F1CB6001BCBB2 /* Release */,
			);
			defaultConfigurationIsVisible = 0;
			defaultConfigurationName = Release;
		};
		1FADEB731D0E4FF2005AE4C6 /* Build configuration list for PBXNativeTarget "QuantityTests" */ = {
			isa = XCConfigurationList;
			buildConfigurations = (
				1FADEB711D0E4FF2005AE4C6 /* Debug */,
				1FADEB721D0E4FF2005AE4C6 /* Release */,
			);
			defaultConfigurationIsVisible = 0;
			defaultConfigurationName = Release;
		};
/* End XCConfigurationList section */
	};
	rootObject = 1F68E0CE1CC4AFAD005F51C6 /* Project object */;
}
